Microsoft Visual Studio Solution File, Format Version 12.00
# Visual Studio Version 17
VisualStudioVersion = 17.5.2.0
MinimumVisualStudioVersion = 10.0.40219.1
Project("{FAE04EC0-301F-11D3-BF4B-00C04F79EFBC}") = "2.2-Operadores", "2.2-Operadores\2.2-Operadores.csproj", "{515C8F74-AC42-C6C7-399F-C8D850C8F078}"
EndProject
Project("{FAE04EC0-301F-11D3-BF4B-00C04F79EFBC}") = "2(basico)", "2.1-Tipos\2(basico).csproj", "{1626BF0B-D09F-D588-6FB6-A5B7640785C0}"
EndProject
Global
	GlobalSection(SolutionConfigurationPlatforms) = preSolution
		Debug|Any CPU = Debug|Any CPU
		Release|Any CPU = Release|Any CPU
	EndGlobalSection
	GlobalSection(ProjectConfigurationPlatforms) = postSolution
		{515C8F74-AC42-C6C7-399F-C8D850C8F078}.Debug|Any CPU.ActiveCfg = Debug|Any CPU
		{515C8F74-AC42-C6C7-399F-C8D850C8F078}.Debug|Any CPU.Build.0 = Debug|Any CPU
		{515C8F74-AC42-C6C7-399F-C8D850C8F078}.Release|Any CPU.ActiveCfg = Release|Any CPU
		{515C8F74-AC42-C6C7-399F-C8D850C8F078}.Release|Any CPU.Build.0 = Release|Any CPU
		{1626BF0B-D09F-D588-6FB6-A5B7640785C0}.Debug|Any CPU.ActiveCfg = Debug|Any CPU
		{1626BF0B-D09F-D588-6FB6-A5B7640785C0}.Debug|Any CPU.Build.0 = Debug|Any CPU
		{1626BF0B-D09F-D588-6FB6-A5B7640785C0}.Release|Any CPU.ActiveCfg = Release|Any CPU
		{1626BF0B-D09F-D588-6FB6-A5B7640785C0}.Release|Any CPU.Build.0 = Release|Any CPU
	EndGlobalSection
	GlobalSection(SolutionProperties) = preSolution
		HideSolutionNode = FALSE
	EndGlobalSection
	GlobalSection(ExtensibilityGlobals) = postSolution
		SolutionGuid = {9D1E688F-11DB-43DE-A075-DD6D4A1EF53B}
	EndGlobalSection
EndGlobal
